// !$*UTF8*$!
{
	archiveVersion = 1;
	classes = {
	};
	objectVersion = 50;
	objects = {

/* Begin PBXBuildFile section */
		FB035F1124A17B5800CF0DC0 /* AppDelegate.swift in Sources */ = {isa = PBXBuildFile; fileRef = FB035F1024A17B5800CF0DC0 /* AppDelegate.swift */; };
		FB035F1324A17B5800CF0DC0 /* SceneDelegate.swift in Sources */ = {isa = PBXBuildFile; fileRef = FB035F1224A17B5800CF0DC0 /* SceneDelegate.swift */; };
		FB035F1A24A17B5900CF0DC0 /* Assets.xcassets in Resources */ = {isa = PBXBuildFile; fileRef = FB035F1924A17B5900CF0DC0 /* Assets.xcassets */; };
		FB035F1D24A17B5900CF0DC0 /* LaunchScreen.storyboard in Resources */ = {isa = PBXBuildFile; fileRef = FB035F1B24A17B5900CF0DC0 /* LaunchScreen.storyboard */; };
		FB035F2824A17B5900CF0DC0 /* Hotel_Urbano_ChallengeTests.swift in Sources */ = {isa = PBXBuildFile; fileRef = FB035F2724A17B5900CF0DC0 /* Hotel_Urbano_ChallengeTests.swift */; };
		FB035F3324A17B5A00CF0DC0 /* Hotel_Urbano_ChallengeUITests.swift in Sources */ = {isa = PBXBuildFile; fileRef = FB035F3224A17B5A00CF0DC0 /* Hotel_Urbano_ChallengeUITests.swift */; };
		FBA4684424A2BEC10075AD5A /* SearchHotelViewController.swift in Sources */ = {isa = PBXBuildFile; fileRef = FBA4684224A2BEC10075AD5A /* SearchHotelViewController.swift */; };
		FBA4684524A2BEC10075AD5A /* SearchHotelViewController.xib in Resources */ = {isa = PBXBuildFile; fileRef = FBA4684324A2BEC10075AD5A /* SearchHotelViewController.xib */; };
		FBA4684924A2CD3C0075AD5A /* SearchHotelWireframeProtocol.swift in Sources */ = {isa = PBXBuildFile; fileRef = FBA4684824A2CD3C0075AD5A /* SearchHotelWireframeProtocol.swift */; };
		FBA4684B24A2CDF20075AD5A /* SearchHotelWireframe.swift in Sources */ = {isa = PBXBuildFile; fileRef = FBA4684A24A2CDF20075AD5A /* SearchHotelWireframe.swift */; };
		FBA4684D24A2DF3F0075AD5A /* SearchHotelViewControllerFactory.swift in Sources */ = {isa = PBXBuildFile; fileRef = FBA4684C24A2DF3F0075AD5A /* SearchHotelViewControllerFactory.swift */; };
/* End PBXBuildFile section */

/* Begin PBXContainerItemProxy section */
		FB035F2424A17B5900CF0DC0 /* PBXContainerItemProxy */ = {
			isa = PBXContainerItemProxy;
			containerPortal = FB035F0524A17B5700CF0DC0 /* Project object */;
			proxyType = 1;
			remoteGlobalIDString = FB035F0C24A17B5700CF0DC0;
			remoteInfo = "Hotel Urbano Challenge";
		};
		FB035F2F24A17B5A00CF0DC0 /* PBXContainerItemProxy */ = {
			isa = PBXContainerItemProxy;
			containerPortal = FB035F0524A17B5700CF0DC0 /* Project object */;
			proxyType = 1;
			remoteGlobalIDString = FB035F0C24A17B5700CF0DC0;
			remoteInfo = "Hotel Urbano Challenge";
		};
/* End PBXContainerItemProxy section */

/* Begin PBXFileReference section */
		FB035F0D24A17B5700CF0DC0 /* Hotel Urbano Challenge.app */ = {isa = PBXFileReference; explicitFileType = wrapper.application; includeInIndex = 0; path = "Hotel Urbano Challenge.app"; sourceTree = BUILT_PRODUCTS_DIR; };
		FB035F1024A17B5800CF0DC0 /* AppDelegate.swift */ = {isa = PBXFileReference; lastKnownFileType = sourcecode.swift; path = AppDelegate.swift; sourceTree = "<group>"; };
		FB035F1224A17B5800CF0DC0 /* SceneDelegate.swift */ = {isa = PBXFileReference; lastKnownFileType = sourcecode.swift; path = SceneDelegate.swift; sourceTree = "<group>"; };
		FB035F1924A17B5900CF0DC0 /* Assets.xcassets */ = {isa = PBXFileReference; lastKnownFileType = folder.assetcatalog; path = Assets.xcassets; sourceTree = "<group>"; };
		FB035F1C24A17B5900CF0DC0 /* Base */ = {isa = PBXFileReference; lastKnownFileType = file.storyboard; name = Base; path = Base.lproj/LaunchScreen.storyboard; sourceTree = "<group>"; };
		FB035F1E24A17B5900CF0DC0 /* Info.plist */ = {isa = PBXFileReference; lastKnownFileType = text.plist.xml; path = Info.plist; sourceTree = "<group>"; };
		FB035F2324A17B5900CF0DC0 /* Hotel Urbano ChallengeTests.xctest */ = {isa = PBXFileReference; explicitFileType = wrapper.cfbundle; includeInIndex = 0; path = "Hotel Urbano ChallengeTests.xctest"; sourceTree = BUILT_PRODUCTS_DIR; };
		FB035F2724A17B5900CF0DC0 /* Hotel_Urbano_ChallengeTests.swift */ = {isa = PBXFileReference; lastKnownFileType = sourcecode.swift; path = Hotel_Urbano_ChallengeTests.swift; sourceTree = "<group>"; };
		FB035F2924A17B5900CF0DC0 /* Info.plist */ = {isa = PBXFileReference; lastKnownFileType = text.plist.xml; path = Info.plist; sourceTree = "<group>"; };
		FB035F2E24A17B5A00CF0DC0 /* Hotel Urbano ChallengeUITests.xctest */ = {isa = PBXFileReference; explicitFileType = wrapper.cfbundle; includeInIndex = 0; path = "Hotel Urbano ChallengeUITests.xctest"; sourceTree = BUILT_PRODUCTS_DIR; };
		FB035F3224A17B5A00CF0DC0 /* Hotel_Urbano_ChallengeUITests.swift */ = {isa = PBXFileReference; lastKnownFileType = sourcecode.swift; path = Hotel_Urbano_ChallengeUITests.swift; sourceTree = "<group>"; };
		FB035F3424A17B5A00CF0DC0 /* Info.plist */ = {isa = PBXFileReference; lastKnownFileType = text.plist.xml; path = Info.plist; sourceTree = "<group>"; };
		FBA4684224A2BEC10075AD5A /* SearchHotelViewController.swift */ = {isa = PBXFileReference; lastKnownFileType = sourcecode.swift; path = SearchHotelViewController.swift; sourceTree = "<group>"; };
		FBA4684324A2BEC10075AD5A /* SearchHotelViewController.xib */ = {isa = PBXFileReference; lastKnownFileType = file.xib; path = SearchHotelViewController.xib; sourceTree = "<group>"; };
		FBA4684824A2CD3C0075AD5A /* SearchHotelWireframeProtocol.swift */ = {isa = PBXFileReference; lastKnownFileType = sourcecode.swift; path = SearchHotelWireframeProtocol.swift; sourceTree = "<group>"; };
		FBA4684A24A2CDF20075AD5A /* SearchHotelWireframe.swift */ = {isa = PBXFileReference; lastKnownFileType = sourcecode.swift; path = SearchHotelWireframe.swift; sourceTree = "<group>"; };
		FBA4684C24A2DF3F0075AD5A /* SearchHotelViewControllerFactory.swift */ = {isa = PBXFileReference; lastKnownFileType = sourcecode.swift; path = SearchHotelViewControllerFactory.swift; sourceTree = "<group>"; };
/* End PBXFileReference section */

/* Begin PBXFrameworksBuildPhase section */
		FB035F0A24A17B5700CF0DC0 /* Frameworks */ = {
			isa = PBXFrameworksBuildPhase;
			buildActionMask = 2147483647;
			files = (
			);
			runOnlyForDeploymentPostprocessing = 0;
		};
		FB035F2024A17B5900CF0DC0 /* Frameworks */ = {
			isa = PBXFrameworksBuildPhase;
			buildActionMask = 2147483647;
			files = (
			);
			runOnlyForDeploymentPostprocessing = 0;
		};
		FB035F2B24A17B5A00CF0DC0 /* Frameworks */ = {
			isa = PBXFrameworksBuildPhase;
			buildActionMask = 2147483647;
			files = (
			);
			runOnlyForDeploymentPostprocessing = 0;
		};
/* End PBXFrameworksBuildPhase section */

/* Begin PBXGroup section */
		FB035F0424A17B5700CF0DC0 = {
			isa = PBXGroup;
			children = (
				FB035F0F24A17B5700CF0DC0 /* Hotel Urbano Challenge */,
				FB035F2624A17B5900CF0DC0 /* Hotel Urbano ChallengeTests */,
				FB035F3124A17B5A00CF0DC0 /* Hotel Urbano ChallengeUITests */,
				FB035F0E24A17B5700CF0DC0 /* Products */,
			);
			sourceTree = "<group>";
		};
		FB035F0E24A17B5700CF0DC0 /* Products */ = {
			isa = PBXGroup;
			children = (
				FB035F0D24A17B5700CF0DC0 /* Hotel Urbano Challenge.app */,
				FB035F2324A17B5900CF0DC0 /* Hotel Urbano ChallengeTests.xctest */,
				FB035F2E24A17B5A00CF0DC0 /* Hotel Urbano ChallengeUITests.xctest */,
			);
			name = Products;
			sourceTree = "<group>";
		};
		FB035F0F24A17B5700CF0DC0 /* Hotel Urbano Challenge */ = {
			isa = PBXGroup;
			children = (
				FB035F1024A17B5800CF0DC0 /* AppDelegate.swift */,
				FB035F1224A17B5800CF0DC0 /* SceneDelegate.swift */,
				FBA4684224A2BEC10075AD5A /* SearchHotelViewController.swift */,
				FBA4684324A2BEC10075AD5A /* SearchHotelViewController.xib */,
				FBA4684C24A2DF3F0075AD5A /* SearchHotelViewControllerFactory.swift */,
				FBA4684824A2CD3C0075AD5A /* SearchHotelWireframeProtocol.swift */,
				FBA4684A24A2CDF20075AD5A /* SearchHotelWireframe.swift */,
				FB035F1924A17B5900CF0DC0 /* Assets.xcassets */,
				FB035F1B24A17B5900CF0DC0 /* LaunchScreen.storyboard */,
				FB035F1E24A17B5900CF0DC0 /* Info.plist */,
			);
			path = "Hotel Urbano Challenge";
			sourceTree = "<group>";
		};
		FB035F2624A17B5900CF0DC0 /* Hotel Urbano ChallengeTests */ = {
			isa = PBXGroup;
			children = (
				FB035F2724A17B5900CF0DC0 /* Hotel_Urbano_ChallengeTests.swift */,
				FB035F2924A17B5900CF0DC0 /* Info.plist */,
			);
			path = "Hotel Urbano ChallengeTests";
			sourceTree = "<group>";
		};
		FB035F3124A17B5A00CF0DC0 /* Hotel Urbano ChallengeUITests */ = {
			isa = PBXGroup;
			children = (
				FB035F3224A17B5A00CF0DC0 /* Hotel_Urbano_ChallengeUITests.swift */,
				FB035F3424A17B5A00CF0DC0 /* Info.plist */,
			);
			path = "Hotel Urbano ChallengeUITests";
			sourceTree = "<group>";
		};
/* End PBXGroup section */

/* Begin PBXNativeTarget section */
		FB035F0C24A17B5700CF0DC0 /* Hotel Urbano Challenge */ = {
			isa = PBXNativeTarget;
			buildConfigurationList = FB035F3724A17B5A00CF0DC0 /* Build configuration list for PBXNativeTarget "Hotel Urbano Challenge" */;
			buildPhases = (
				FB035F0924A17B5700CF0DC0 /* Sources */,
				FB035F0A24A17B5700CF0DC0 /* Frameworks */,
				FB035F0B24A17B5700CF0DC0 /* Resources */,
			);
			buildRules = (
			);
			dependencies = (
			);
			name = "Hotel Urbano Challenge";
			productName = "Hotel Urbano Challenge";
			productReference = FB035F0D24A17B5700CF0DC0 /* Hotel Urbano Challenge.app */;
			productType = "com.apple.product-type.application";
		};
		FB035F2224A17B5900CF0DC0 /* Hotel Urbano ChallengeTests */ = {
			isa = PBXNativeTarget;
			buildConfigurationList = FB035F3A24A17B5A00CF0DC0 /* Build configuration list for PBXNativeTarget "Hotel Urbano ChallengeTests" */;
			buildPhases = (
				FB035F1F24A17B5900CF0DC0 /* Sources */,
				FB035F2024A17B5900CF0DC0 /* Frameworks */,
				FB035F2124A17B5900CF0DC0 /* Resources */,
			);
			buildRules = (
			);
			dependencies = (
				FB035F2524A17B5900CF0DC0 /* PBXTargetDependency */,
			);
			name = "Hotel Urbano ChallengeTests";
			productName = "Hotel Urbano ChallengeTests";
			productReference = FB035F2324A17B5900CF0DC0 /* Hotel Urbano ChallengeTests.xctest */;
			productType = "com.apple.product-type.bundle.unit-test";
		};
		FB035F2D24A17B5A00CF0DC0 /* Hotel Urbano ChallengeUITests */ = {
			isa = PBXNativeTarget;
			buildConfigurationList = FB035F3D24A17B5A00CF0DC0 /* Build configuration list for PBXNativeTarget "Hotel Urbano ChallengeUITests" */;
			buildPhases = (
				FB035F2A24A17B5A00CF0DC0 /* Sources */,
				FB035F2B24A17B5A00CF0DC0 /* Frameworks */,
				FB035F2C24A17B5A00CF0DC0 /* Resources */,
			);
			buildRules = (
			);
			dependencies = (
				FB035F3024A17B5A00CF0DC0 /* PBXTargetDependency */,
			);
			name = "Hotel Urbano ChallengeUITests";
			productName = "Hotel Urbano ChallengeUITests";
			productReference = FB035F2E24A17B5A00CF0DC0 /* Hotel Urbano ChallengeUITests.xctest */;
			productType = "com.apple.product-type.bundle.ui-testing";
		};
/* End PBXNativeTarget section */

/* Begin PBXProject section */
		FB035F0524A17B5700CF0DC0 /* Project object */ = {
			isa = PBXProject;
			attributes = {
				LastSwiftUpdateCheck = 1150;
				LastUpgradeCheck = 1150;
				ORGANIZATIONNAME = "Fellipe Calleia";
				TargetAttributes = {
					FB035F0C24A17B5700CF0DC0 = {
						CreatedOnToolsVersion = 11.5;
					};
					FB035F2224A17B5900CF0DC0 = {
						CreatedOnToolsVersion = 11.5;
						TestTargetID = FB035F0C24A17B5700CF0DC0;
					};
					FB035F2D24A17B5A00CF0DC0 = {
						CreatedOnToolsVersion = 11.5;
						TestTargetID = FB035F0C24A17B5700CF0DC0;
					};
				};
			};
			buildConfigurationList = FB035F0824A17B5700CF0DC0 /* Build configuration list for PBXProject "Hotel Urbano Challenge" */;
			compatibilityVersion = "Xcode 9.3";
			developmentRegion = en;
			hasScannedForEncodings = 0;
			knownRegions = (
				en,
				Base,
			);
			mainGroup = FB035F0424A17B5700CF0DC0;
			productRefGroup = FB035F0E24A17B5700CF0DC0 /* Products */;
			projectDirPath = "";
			projectRoot = "";
			targets = (
				FB035F0C24A17B5700CF0DC0 /* Hotel Urbano Challenge */,
				FB035F2224A17B5900CF0DC0 /* Hotel Urbano ChallengeTests */,
				FB035F2D24A17B5A00CF0DC0 /* Hotel Urbano ChallengeUITests */,
			);
		};
/* End PBXProject section */

/* Begin PBXResourcesBuildPhase section */
		FB035F0B24A17B5700CF0DC0 /* Resources */ = {
			isa = PBXResourcesBuildPhase;
			buildActionMask = 2147483647;
			files = (
				FB035F1D24A17B5900CF0DC0 /* LaunchScreen.storyboard in Resources */,
				FB035F1A24A17B5900CF0DC0 /* Assets.xcassets in Resources */,
				FBA4684524A2BEC10075AD5A /* SearchHotelViewController.xib in Resources */,
			);
			runOnlyForDeploymentPostprocessing = 0;
		};
		FB035F2124A17B5900CF0DC0 /* Resources */ = {
			isa = PBXResourcesBuildPhase;
			buildActionMask = 2147483647;
			files = (
			);
			runOnlyForDeploymentPostprocessing = 0;
		};
		FB035F2C24A17B5A00CF0DC0 /* Resources */ = {
			isa = PBXResourcesBuildPhase;
			buildActionMask = 2147483647;
			files = (
			);
			runOnlyForDeploymentPostprocessing = 0;
		};
/* End PBXResourcesBuildPhase section */

/* Begin PBXSourcesBuildPhase section */
		FB035F0924A17B5700CF0DC0 /* Sources */ = {
			isa = PBXSourcesBuildPhase;
			buildActionMask = 2147483647;
			files = (
				FBA4684D24A2DF3F0075AD5A /* SearchHotelViewControllerFactory.swift in Sources */,
				FB035F1124A17B5800CF0DC0 /* AppDelegate.swift in Sources */,
				FB035F1324A17B5800CF0DC0 /* SceneDelegate.swift in Sources */,
				FBA4684424A2BEC10075AD5A /* SearchHotelViewController.swift in Sources */,
				FBA4684B24A2CDF20075AD5A /* SearchHotelWireframe.swift in Sources */,
				FBA4684924A2CD3C0075AD5A /* SearchHotelWireframeProtocol.swift in Sources */,
			);
			runOnlyForDeploymentPostprocessing = 0;
		};
		FB035F1F24A17B5900CF0DC0 /* Sources */ = {
			isa = PBXSourcesBuildPhase;
			buildActionMask = 2147483647;
			files = (
				FB035F2824A17B5900CF0DC0 /* Hotel_Urbano_ChallengeTests.swift in Sources */,
			);
			runOnlyForDeploymentPostprocessing = 0;
		};
		FB035F2A24A17B5A00CF0DC0 /* Sources */ = {
			isa = PBXSourcesBuildPhase;
			buildActionMask = 2147483647;
			files = (
				FB035F3324A17B5A00CF0DC0 /* Hotel_Urbano_ChallengeUITests.swift in Sources */,
			);
			runOnlyForDeploymentPostprocessing = 0;
		};
/* End PBXSourcesBuildPhase section */

/* Begin PBXTargetDependency section */
		FB035F2524A17B5900CF0DC0 /* PBXTargetDependency */ = {
			isa = PBXTargetDependency;
			target = FB035F0C24A17B5700CF0DC0 /* Hotel Urbano Challenge */;
			targetProxy = FB035F2424A17B5900CF0DC0 /* PBXContainerItemProxy */;
		};
		FB035F3024A17B5A00CF0DC0 /* PBXTargetDependency */ = {
			isa = PBXTargetDependency;
			target = FB035F0C24A17B5700CF0DC0 /* Hotel Urbano Challenge */;
			targetProxy = FB035F2F24A17B5A00CF0DC0 /* PBXContainerItemProxy */;
		};
/* End PBXTargetDependency section */

/* Begin PBXVariantGroup section */
		FB035F1B24A17B5900CF0DC0 /* LaunchScreen.storyboard */ = {
			isa = PBXVariantGroup;
			children = (
				FB035F1C24A17B5900CF0DC0 /* Base */,
			);
			name = LaunchScreen.storyboard;
			sourceTree = "<group>";
		};
/* End PBXVariantGroup section */

/* Begin XCBuildConfiguration section */
		FB035F3524A17B5A00CF0DC0 /* Debug */ = {
			isa = XCBuildConfiguration;
			buildSettings = {
				ALWAYS_SEARCH_USER_PATHS = NO;
				CLANG_ANALYZER_NONNULL = YES;
				CLANG_ANALYZER_NUMBER_OBJECT_CONVERSION = YES_AGGRESSIVE;
				CLANG_CXX_LANGUAGE_STANDARD = "gnu++14";
				CLANG_CXX_LIBRARY = "libc++";
				CLANG_ENABLE_MODULES = YES;
				CLANG_ENABLE_OBJC_ARC = YES;
				CLANG_ENABLE_OBJC_WEAK = YES;
				CLANG_WARN_BLOCK_CAPTURE_AUTORELEASING = YES;
				CLANG_WARN_BOOL_CONVERSION = YES;
				CLANG_WARN_COMMA = YES;
				CLANG_WARN_CONSTANT_CONVERSION = YES;
				CLANG_WARN_DEPRECATED_OBJC_IMPLEMENTATIONS = YES;
				CLANG_WARN_DIRECT_OBJC_ISA_USAGE = YES_ERROR;
				CLANG_WARN_DOCUMENTATION_COMMENTS = YES;
				CLANG_WARN_EMPTY_BODY = YES;
				CLANG_WARN_ENUM_CONVERSION = YES;
				CLANG_WARN_INFINITE_RECURSION = YES;
				CLANG_WARN_INT_CONVERSION = YES;
				CLANG_WARN_NON_LITERAL_NULL_CONVERSION = YES;
				CLANG_WARN_OBJC_IMPLICIT_RETAIN_SELF = YES;
				CLANG_WARN_OBJC_LITERAL_CONVERSION = YES;
				CLANG_WARN_OBJC_ROOT_CLASS = YES_ERROR;
				CLANG_WARN_RANGE_LOOP_ANALYSIS = YES;
				CLANG_WARN_STRICT_PROTOTYPES = YES;
				CLANG_WARN_SUSPICIOUS_MOVE = YES;
				CLANG_WARN_UNGUARDED_AVAILABILITY = YES_AGGRESSIVE;
				CLANG_WARN_UNREACHABLE_CODE = YES;
				CLANG_WARN__DUPLICATE_METHOD_MATCH = YES;
				COPY_PHASE_STRIP = NO;
				DEBUG_INFORMATION_FORMAT = dwarf;
				ENABLE_STRICT_OBJC_MSGSEND = YES;
				ENABLE_TESTABILITY = YES;
				GCC_C_LANGUAGE_STANDARD = gnu11;
				GCC_DYNAMIC_NO_PIC = NO;
				GCC_NO_COMMON_BLOCKS = YES;
				GCC_OPTIMIZATION_LEVEL = 0;
				GCC_PREPROCESSOR_DEFINITIONS = (
					"DEBUG=1",
					"$(inherited)",
				);
				GCC_WARN_64_TO_32_BIT_CONVERSION = YES;
				GCC_WARN_ABOUT_RETURN_TYPE = YES_ERROR;
				GCC_WARN_UNDECLARED_SELECTOR = YES;
				GCC_WARN_UNINITIALIZED_AUTOS = YES_AGGRESSIVE;
				GCC_WARN_UNUSED_FUNCTION = YES;
				GCC_WARN_UNUSED_VARIABLE = YES;
				IPHONEOS_DEPLOYMENT_TARGET = 13.5;
				MTL_ENABLE_DEBUG_INFO = INCLUDE_SOURCE;
				MTL_FAST_MATH = YES;
				ONLY_ACTIVE_ARCH = YES;
				SDKROOT = iphoneos;
				SWIFT_ACTIVE_COMPILATION_CONDITIONS = DEBUG;
				SWIFT_OPTIMIZATION_LEVEL = "-Onone";
			};
			name = Debug;
		};
		FB035F3624A17B5A00CF0DC0 /* Release */ = {
			isa = XCBuildConfiguration;
			buildSettings = {
				ALWAYS_SEARCH_USER_PATHS = NO;
				CLANG_ANALYZER_NONNULL = YES;
				CLANG_ANALYZER_NUMBER_OBJECT_CONVERSION = YES_AGGRESSIVE;
				CLANG_CXX_LANGUAGE_STANDARD = "gnu++14";
				CLANG_CXX_LIBRARY = "libc++";
				CLANG_ENABLE_MODULES = YES;
				CLANG_ENABLE_OBJC_ARC = YES;
				CLANG_ENABLE_OBJC_WEAK = YES;
				CLANG_WARN_BLOCK_CAPTURE_AUTORELEASING = YES;
				CLANG_WARN_BOOL_CONVERSION = YES;
				CLANG_WARN_COMMA = YES;
				CLANG_WARN_CONSTANT_CONVERSION = YES;
				CLANG_WARN_DEPRECATED_OBJC_IMPLEMENTATIONS = YES;
				CLANG_WARN_DIRECT_OBJC_ISA_USAGE = YES_ERROR;
				CLANG_WARN_DOCUMENTATION_COMMENTS = YES;
				CLANG_WARN_EMPTY_BODY = YES;
				CLANG_WARN_ENUM_CONVERSION = YES;
				CLANG_WARN_INFINITE_RECURSION = YES;
				CLANG_WARN_INT_CONVERSION = YES;
				CLANG_WARN_NON_LITERAL_NULL_CONVERSION = YES;
				CLANG_WARN_OBJC_IMPLICIT_RETAIN_SELF = YES;
				CLANG_WARN_OBJC_LITERAL_CONVERSION = YES;
				CLANG_WARN_OBJC_ROOT_CLASS = YES_ERROR;
				CLANG_WARN_RANGE_LOOP_ANALYSIS = YES;
				CLANG_WARN_STRICT_PROTOTYPES = YES;
				CLANG_WARN_SUSPICIOUS_MOVE = YES;
				CLANG_WARN_UNGUARDED_AVAILABILITY = YES_AGGRESSIVE;
				CLANG_WARN_UNREACHABLE_CODE = YES;
				CLANG_WARN__DUPLICATE_METHOD_MATCH = YES;
				COPY_PHASE_STRIP = NO;
				DEBUG_INFORMATION_FORMAT = "dwarf-with-dsym";
				ENABLE_NS_ASSERTIONS = NO;
				ENABLE_STRICT_OBJC_MSGSEND = YES;
				GCC_C_LANGUAGE_STANDARD = gnu11;
				GCC_NO_COMMON_BLOCKS = YES;
				GCC_WARN_64_TO_32_BIT_CONVERSION = YES;
				GCC_WARN_ABOUT_RETURN_TYPE = YES_ERROR;
				GCC_WARN_UNDECLARED_SELECTOR = YES;
				GCC_WARN_UNINITIALIZED_AUTOS = YES_AGGRESSIVE;
				GCC_WARN_UNUSED_FUNCTION = YES;
				GCC_WARN_UNUSED_VARIABLE = YES;
				IPHONEOS_DEPLOYMENT_TARGET = 13.5;
				MTL_ENABLE_DEBUG_INFO = NO;
				MTL_FAST_MATH = YES;
				SDKROOT = iphoneos;
				SWIFT_COMPILATION_MODE = wholemodule;
				SWIFT_OPTIMIZATION_LEVEL = "-O";
				VALIDATE_PRODUCT = YES;
			};
			name = Release;
		};
		FB035F3824A17B5A00CF0DC0 /* Debug */ = {
			isa = XCBuildConfiguration;
			buildSettings = {
				ASSETCATALOG_COMPILER_APPICON_NAME = AppIcon;
				CODE_SIGN_STYLE = Automatic;
				DEVELOPMENT_TEAM = H8TUEXC7WY;
				INFOPLIST_FILE = "Hotel Urbano Challenge/Info.plist";
				LD_RUNPATH_SEARCH_PATHS = (
					"$(inherited)",
					"@executable_path/Frameworks",
				);
				PRODUCT_BUNDLE_IDENTIFIER = "br.com.calleia.Hotel-Urbano-Challenge";
				PRODUCT_NAME = "$(TARGET_NAME)";
				SWIFT_VERSION = 5.0;
				TARGETED_DEVICE_FAMILY = "1,2";
			};
			name = Debug;
		};
		FB035F3924A17B5A00CF0DC0 /* Release */ = {
			isa = XCBuildConfiguration;
			buildSettings = {
				ASSETCATALOG_COMPILER_APPICON_NAME = AppIcon;
				CODE_SIGN_STYLE = Automatic;
				DEVELOPMENT_TEAM = H8TUEXC7WY;
				INFOPLIST_FILE = "Hotel Urbano Challenge/Info.plist";
				LD_RUNPATH_SEARCH_PATHS = (
					"$(inherited)",
					"@executable_path/Frameworks",
				);
				PRODUCT_BUNDLE_IDENTIFIER = "br.com.calleia.Hotel-Urbano-Challenge";
				PRODUCT_NAME = "$(TARGET_NAME)";
				SWIFT_VERSION = 5.0;
				TARGETED_DEVICE_FAMILY = "1,2";
			};
			name = Release;
		};
		FB035F3B24A17B5A00CF0DC0 /* Debug */ = {
			isa = XCBuildConfiguration;
			buildSettings = {
				ALWAYS_EMBED_SWIFT_STANDARD_LIBRARIES = YES;
				BUNDLE_LOADER = "$(TEST_HOST)";
				CODE_SIGN_STYLE = Automatic;
				DEVELOPMENT_TEAM = H8TUEXC7WY;
				INFOPLIST_FILE = "Hotel Urbano ChallengeTests/Info.plist";
				IPHONEOS_DEPLOYMENT_TARGET = 13.5;
				LD_RUNPATH_SEARCH_PATHS = (
					"$(inherited)",
					"@executable_path/Frameworks",
					"@loader_path/Frameworks",
				);
				PRODUCT_BUNDLE_IDENTIFIER = "br.com.calleia.Hotel-Urbano-ChallengeTests";
				PRODUCT_NAME = "$(TARGET_NAME)";
				SWIFT_VERSION = 5.0;
				TARGETED_DEVICE_FAMILY = "1,2";
				TEST_HOST = "$(BUILT_PRODUCTS_DIR)/Hotel Urbano Challenge.app/Hotel Urbano Challenge";
			};
			name = Debug;
		};
		FB035F3C24A17B5A00CF0DC0 /* Release */ = {
			isa = XCBuildConfiguration;
			buildSettings = {
				ALWAYS_EMBED_SWIFT_STANDARD_LIBRARIES = YES;
				BUNDLE_LOADER = "$(TEST_HOST)";
				CODE_SIGN_STYLE = Automatic;
				DEVELOPMENT_TEAM = H8TUEXC7WY;
				INFOPLIST_FILE = "Hotel Urbano ChallengeTests/Info.plist";
				IPHONEOS_DEPLOYMENT_TARGET = 13.5;
				LD_RUNPATH_SEARCH_PATHS = (
					"$(inherited)",
					"@executable_path/Frameworks",
					"@loader_path/Frameworks",
				);
				PRODUCT_BUNDLE_IDENTIFIER = "br.com.calleia.Hotel-Urbano-ChallengeTests";
				PRODUCT_NAME = "$(TARGET_NAME)";
				SWIFT_VERSION = 5.0;
				TARGETED_DEVICE_FAMILY = "1,2";
				TEST_HOST = "$(BUILT_PRODUCTS_DIR)/Hotel Urbano Challenge.app/Hotel Urbano Challenge";
			};
			name = Release;
		};
		FB035F3E24A17B5A00CF0DC0 /* Debug */ = {
			isa = XCBuildConfiguration;
			buildSettings = {
				ALWAYS_EMBED_SWIFT_STANDARD_LIBRARIES = YES;
				CODE_SIGN_STYLE = Automatic;
				DEVELOPMENT_TEAM = H8TUEXC7WY;
				INFOPLIST_FILE = "Hotel Urbano ChallengeUITests/Info.plist";
				LD_RUNPATH_SEARCH_PATHS = (
					"$(inherited)",
					"@executable_path/Frameworks",
					"@loader_path/Frameworks",
				);
				PRODUCT_BUNDLE_IDENTIFIER = "br.com.calleia.Hotel-Urbano-ChallengeUITests";
				PRODUCT_NAME = "$(TARGET_NAME)";
				SWIFT_VERSION = 5.0;
				TARGETED_DEVICE_FAMILY = "1,2";
				TEST_TARGET_NAME = "Hotel Urbano Challenge";
			};
			name = Debug;
		};
		FB035F3F24A17B5A00CF0DC0 /* Release */ = {
			isa = XCBuildConfiguration;
			buildSettings = {
				ALWAYS_EMBED_SWIFT_STANDARD_LIBRARIES = YES;
				CODE_SIGN_STYLE = Automatic;
				DEVELOPMENT_TEAM = H8TUEXC7WY;
				INFOPLIST_FILE = "Hotel Urbano ChallengeUITests/Info.plist";
				LD_RUNPATH_SEARCH_PATHS = (
					"$(inherited)",
					"@executable_path/Frameworks",
					"@loader_path/Frameworks",
				);
				PRODUCT_BUNDLE_IDENTIFIER = "br.com.calleia.Hotel-Urbano-ChallengeUITests";
				PRODUCT_NAME = "$(TARGET_NAME)";
				SWIFT_VERSION = 5.0;
				TARGETED_DEVICE_FAMILY = "1,2";
				TEST_TARGET_NAME = "Hotel Urbano Challenge";
			};
			name = Release;
		};
/* End XCBuildConfiguration section */

/* Begin XCConfigurationList section */
		FB035F0824A17B5700CF0DC0 /* Build configuration list for PBXProject "Hotel Urbano Challenge" */ = {
			isa = XCConfigurationList;
			buildConfigurations = (
				FB035F3524A17B5A00CF0DC0 /* Debug */,
				FB035F3624A17B5A00CF0DC0 /* Release */,
			);
			defaultConfigurationIsVisible = 0;
			defaultConfigurationName = Release;
		};
		FB035F3724A17B5A00CF0DC0 /* Build configuration list for PBXNativeTarget "Hotel Urbano Challenge" */ = {
			isa = XCConfigurationList;
			buildConfigurations = (
				FB035F3824A17B5A00CF0DC0 /* Debug */,
				FB035F3924A17B5A00CF0DC0 /* Release */,
			);
			defaultConfigurationIsVisible = 0;
			defaultConfigurationName = Release;
		};
		FB035F3A24A17B5A00CF0DC0 /* Build configuration list for PBXNativeTarget "Hotel Urbano ChallengeTests" */ = {
			isa = XCConfigurationList;
			buildConfigurations = (
				FB035F3B24A17B5A00CF0DC0 /* Debug */,
				FB035F3C24A17B5A00CF0DC0 /* Release */,
			);
			defaultConfigurationIsVisible = 0;
			defaultConfigurationName = Release;
		};
		FB035F3D24A17B5A00CF0DC0 /* Build configuration list for PBXNativeTarget "Hotel Urbano ChallengeUITests" */ = {
			isa = XCConfigurationList;
			buildConfigurations = (
				FB035F3E24A17B5A00CF0DC0 /* Debug */,
				FB035F3F24A17B5A00CF0DC0 /* Release */,
			);
			defaultConfigurationIsVisible = 0;
			defaultConfigurationName = Release;
		};
/* End XCConfigurationList section */
	};
	rootObject = FB035F0524A17B5700CF0DC0 /* Project object */;
}
